
Microsoft Visual Studio Solution File, Format Version 12.00
Project("{FAE04EC0-301F-11D3-BF4B-00C04F79EFBC}") = "LightCinema.WebApi", "LightCinema.WebApi.csproj", "{D9F90F9C-6EC9-450E-BED6-E816095BDCF2}"
EndProject
Project("{FAE04EC0-301F-11D3-BF4B-00C04F79EFBC}") = "LightCinema.Core", "LightCinema.Core\LightCinema.Core.csproj", "{926D05CC-AB44-450F-9FA9-A60A668BC79D}"
EndProject
Global
	GlobalSection(SolutionConfigurationPlatforms) = preSolution
		Debug|Any CPU = Debug|Any CPU
		Release|Any CPU = Release|Any CPU
	EndGlobalSection
	GlobalSection(ProjectConfigurationPlatforms) = postSolution
		{D9F90F9C-6EC9-450E-BED6-E816095BDCF2}.Debug|Any CPU.ActiveCfg = Debug|Any CPU
		{D9F90F9C-6EC9-450E-BED6-E816095BDCF2}.Debug|Any CPU.Build.0 = Debug|Any CPU
		{D9F90F9C-6EC9-450E-BED6-E816095BDCF2}.Release|Any CPU.ActiveCfg = Release|Any CPU
		{D9F90F9C-6EC9-450E-BED6-E816095BDCF2}.Release|Any CPU.Build.0 = Release|Any CPU
		{926D05CC-AB44-450F-9FA9-A60A668BC79D}.Debug|Any CPU.ActiveCfg = Debug|Any CPU
		{926D05CC-AB44-450F-9FA9-A60A668BC79D}.Debug|Any CPU.Build.0 = Debug|Any CPU
		{926D05CC-AB44-450F-9FA9-A60A668BC79D}.Release|Any CPU.ActiveCfg = Release|Any CPU
		{926D05CC-AB44-450F-9FA9-A60A668BC79D}.Release|Any CPU.Build.0 = Release|Any CPU
	EndGlobalSection
EndGlobal
