
Microsoft Visual Studio Solution File, Format Version 12.00
Project("{FAE04EC0-301F-11D3-BF4B-00C04F79EFBC}") = "LightCinema.WebApi", "LightCinema.WebApi\LightCinema.WebApi.csproj", "{D9F90F9C-6EC9-450E-BED6-E816095BDCF2}"
EndProject
Project("{FAE04EC0-301F-11D3-BF4B-00C04F79EFBC}") = "LightCinema.Data", "LightCinema.Data\LightCinema.Data.csproj", "{559C8000-D8DC-4A58-8731-181554B809A9}"
EndProject
Project("{FAE04EC0-301F-11D3-BF4B-00C04F79EFBC}") = "LightCinema.BL", "LightCinema.BL\LightCinema.BL.csproj", "{EC594592-C43D-4460-9F8B-6A7B5E24BEC6}"
EndProject
Global
	GlobalSection(SolutionConfigurationPlatforms) = preSolution
		Debug|Any CPU = Debug|Any CPU
		Release|Any CPU = Release|Any CPU
	EndGlobalSection
	GlobalSection(ProjectConfigurationPlatforms) = postSolution
		{D9F90F9C-6EC9-450E-BED6-E816095BDCF2}.Debug|Any CPU.ActiveCfg = Debug|Any CPU
		{D9F90F9C-6EC9-450E-BED6-E816095BDCF2}.Debug|Any CPU.Build.0 = Debug|Any CPU
		{D9F90F9C-6EC9-450E-BED6-E816095BDCF2}.Release|Any CPU.ActiveCfg = Release|Any CPU
		{D9F90F9C-6EC9-450E-BED6-E816095BDCF2}.Release|Any CPU.Build.0 = Release|Any CPU
		{559C8000-D8DC-4A58-8731-181554B809A9}.Debug|Any CPU.ActiveCfg = Debug|Any CPU
		{559C8000-D8DC-4A58-8731-181554B809A9}.Debug|Any CPU.Build.0 = Debug|Any CPU
		{559C8000-D8DC-4A58-8731-181554B809A9}.Release|Any CPU.ActiveCfg = Release|Any CPU
		{559C8000-D8DC-4A58-8731-181554B809A9}.Release|Any CPU.Build.0 = Release|Any CPU
		{EC594592-C43D-4460-9F8B-6A7B5E24BEC6}.Debug|Any CPU.ActiveCfg = Debug|Any CPU
		{EC594592-C43D-4460-9F8B-6A7B5E24BEC6}.Debug|Any CPU.Build.0 = Debug|Any CPU
		{EC594592-C43D-4460-9F8B-6A7B5E24BEC6}.Release|Any CPU.ActiveCfg = Release|Any CPU
		{EC594592-C43D-4460-9F8B-6A7B5E24BEC6}.Release|Any CPU.Build.0 = Release|Any CPU
	EndGlobalSection
EndGlobal
